
Microsoft Visual Studio Solution File, Format Version 12.00
# Visual Studio Version 16
VisualStudioVersion = 16.0.29519.87
MinimumVisualStudioVersion = 10.0.40219.1
Project("{9A19103F-16F7-4668-BE54-9A1E7A4F7556}") = "EPLHouse.Cards", "EPLHouse.Test.Api\EPLHouse.Cards.csproj", "{65ED9DE3-E00F-473E-931A-76BD34FBDCA2}"
EndProject
Project("{9A19103F-16F7-4668-BE54-9A1E7A4F7556}") = "EPLHouse.Cards.DataAccess", "EPLHouse.Test.DataAccess\EPLHouse.Cards.DataAccess.csproj", "{376C6B62-41B8-4974-96BC-F3816DAADDD9}"
EndProject
Project("{9A19103F-16F7-4668-BE54-9A1E7A4F7556}") = "EPLHouse.Cards.Business", "BusinessLogic\EPLHouse.Cards.Business.csproj", "{92A1A9C0-0D41-446E-BC9B-D236FC634549}"
EndProject
Project("{9A19103F-16F7-4668-BE54-9A1E7A4F7556}") = "EPLHouse.Cards.DTOs", "DTOs\EPLHouse.Cards.DTOs.csproj", "{C1A07D6C-F7EA-46CB-9B8D-CF702A84B96F}"
EndProject
Project("{9A19103F-16F7-4668-BE54-9A1E7A4F7556}") = "EPLHouse.Cards.Business.Tests", "EPLHouse.Cards.Business.Tests\EPLHouse.Cards.Business.Tests.csproj", "{67DD6FF7-DD81-4B87-A369-50E066103111}"
EndProject
Project("{9A19103F-16F7-4668-BE54-9A1E7A4F7556}") = "EPLHouse.Cards.CustomExceptions", "Cards.CustomExceptions\EPLHouse.Cards.CustomExceptions.csproj", "{6146981F-FF4C-41FF-A27A-03DCE15FB2CA}"
EndProject
Project("{9A19103F-16F7-4668-BE54-9A1E7A4F7556}") = "EPLHouse.Cards.DomainServices", "Cards.DomainServices\EPLHouse.Cards.DomainServices.csproj", "{B278BD47-CCD9-486E-8C6D-BFD9F39841EC}"
EndProject
Global
	GlobalSection(SolutionConfigurationPlatforms) = preSolution
		Debug|Any CPU = Debug|Any CPU
		Release|Any CPU = Release|Any CPU
	EndGlobalSection
	GlobalSection(ProjectConfigurationPlatforms) = postSolution
		{65ED9DE3-E00F-473E-931A-76BD34FBDCA2}.Debug|Any CPU.ActiveCfg = Debug|Any CPU
		{65ED9DE3-E00F-473E-931A-76BD34FBDCA2}.Debug|Any CPU.Build.0 = Debug|Any CPU
		{65ED9DE3-E00F-473E-931A-76BD34FBDCA2}.Release|Any CPU.ActiveCfg = Release|Any CPU
		{65ED9DE3-E00F-473E-931A-76BD34FBDCA2}.Release|Any CPU.Build.0 = Release|Any CPU
		{376C6B62-41B8-4974-96BC-F3816DAADDD9}.Debug|Any CPU.ActiveCfg = Debug|Any CPU
		{376C6B62-41B8-4974-96BC-F3816DAADDD9}.Debug|Any CPU.Build.0 = Debug|Any CPU
		{376C6B62-41B8-4974-96BC-F3816DAADDD9}.Release|Any CPU.ActiveCfg = Release|Any CPU
		{376C6B62-41B8-4974-96BC-F3816DAADDD9}.Release|Any CPU.Build.0 = Release|Any CPU
		{92A1A9C0-0D41-446E-BC9B-D236FC634549}.Debug|Any CPU.ActiveCfg = Debug|Any CPU
		{92A1A9C0-0D41-446E-BC9B-D236FC634549}.Debug|Any CPU.Build.0 = Debug|Any CPU
		{92A1A9C0-0D41-446E-BC9B-D236FC634549}.Release|Any CPU.ActiveCfg = Release|Any CPU
		{92A1A9C0-0D41-446E-BC9B-D236FC634549}.Release|Any CPU.Build.0 = Release|Any CPU
		{C1A07D6C-F7EA-46CB-9B8D-CF702A84B96F}.Debug|Any CPU.ActiveCfg = Debug|Any CPU
		{C1A07D6C-F7EA-46CB-9B8D-CF702A84B96F}.Debug|Any CPU.Build.0 = Debug|Any CPU
		{C1A07D6C-F7EA-46CB-9B8D-CF702A84B96F}.Release|Any CPU.ActiveCfg = Release|Any CPU
		{C1A07D6C-F7EA-46CB-9B8D-CF702A84B96F}.Release|Any CPU.Build.0 = Release|Any CPU
		{67DD6FF7-DD81-4B87-A369-50E066103111}.Debug|Any CPU.ActiveCfg = Debug|Any CPU
		{67DD6FF7-DD81-4B87-A369-50E066103111}.Debug|Any CPU.Build.0 = Debug|Any CPU
		{67DD6FF7-DD81-4B87-A369-50E066103111}.Release|Any CPU.ActiveCfg = Release|Any CPU
		{67DD6FF7-DD81-4B87-A369-50E066103111}.Release|Any CPU.Build.0 = Release|Any CPU
		{6146981F-FF4C-41FF-A27A-03DCE15FB2CA}.Debug|Any CPU.ActiveCfg = Debug|Any CPU
		{6146981F-FF4C-41FF-A27A-03DCE15FB2CA}.Debug|Any CPU.Build.0 = Debug|Any CPU
		{6146981F-FF4C-41FF-A27A-03DCE15FB2CA}.Release|Any CPU.ActiveCfg = Release|Any CPU
		{6146981F-FF4C-41FF-A27A-03DCE15FB2CA}.Release|Any CPU.Build.0 = Release|Any CPU
		{B278BD47-CCD9-486E-8C6D-BFD9F39841EC}.Debug|Any CPU.ActiveCfg = Debug|Any CPU
		{B278BD47-CCD9-486E-8C6D-BFD9F39841EC}.Debug|Any CPU.Build.0 = Debug|Any CPU
		{B278BD47-CCD9-486E-8C6D-BFD9F39841EC}.Release|Any CPU.ActiveCfg = Release|Any CPU
		{B278BD47-CCD9-486E-8C6D-BFD9F39841EC}.Release|Any CPU.Build.0 = Release|Any CPU
	EndGlobalSection
	GlobalSection(SolutionProperties) = preSolution
		HideSolutionNode = FALSE
	EndGlobalSection
	GlobalSection(ExtensibilityGlobals) = postSolution
		SolutionGuid = {08101440-DEF1-45BC-B0E6-C5FAD5880CDD}
	EndGlobalSection
EndGlobal
